
Microsoft Visual Studio Solution File, Format Version 12.00
# Visual Studio Version 17
VisualStudioVersion = 17.0.31903.59
MinimumVisualStudioVersion = 10.0.40219.1
Project("{2150E333-8FDC-42A3-9474-1A3956D46DE8}") = "src", "src", "{827E0CD3-B72D-47B6-A68D-7590B98EB39B}"
EndProject
Project("{FAE04EC0-301F-11D3-BF4B-00C04F79EFBC}") = "Inventory.Api", "src\Inventory.Api\Inventory.Api.csproj", "{77FE1294-336B-4A6B-9D50-01946EF781BE}"
EndProject
Project("{FAE04EC0-301F-11D3-BF4B-00C04F79EFBC}") = "Inventory.Application", "src\Inventory.Application\Inventory.Application.csproj", "{F55D9F65-9045-42C5-921E-BAF844ADAC64}"
EndProject
Project("{FAE04EC0-301F-11D3-BF4B-00C04F79EFBC}") = "Inventory.Domain", "src\Inventory.Domain\Inventory.Domain.csproj", "{AA675B71-500C-4885-B251-E97EED56B827}"
EndProject
Project("{FAE04EC0-301F-11D3-BF4B-00C04F79EFBC}") = "Inventory.Infrastructure", "src\Inventory.Infrastructure\Inventory.Infrastructure.csproj", "{D2E4185C-4B97-4798-AE53-4E23E2B4BC88}"
EndProject
Project("{2150E333-8FDC-42A3-9474-1A3956D46DE8}") = "tests", "tests", "{0AB3BF05-4346-4AA6-1389-037BE0695223}"
EndProject
Project("{FAE04EC0-301F-11D3-BF4B-00C04F79EFBC}") = "Inventory.IntegrationTests", "tests\Inventory.IntegrationTests\Inventory.IntegrationTests.csproj", "{C2F99AAE-CD6A-4C45-8E0F-EC7347C85E02}"
EndProject
Project("{FAE04EC0-301F-11D3-BF4B-00C04F79EFBC}") = "Inventory.UnitTests", "tests\Inventory.UnitTests\Inventory.UnitTests.csproj", "{2E07B349-7E6A-40B4-B5B8-E60F71646C96}"
EndProject
Project("{FAE04EC0-301F-11D3-BF4B-00C04F79EFBC}") = "Inventory.Persistence", "src\Inventory.Persistence\Inventory.Persistence.csproj", "{0F00633A-018B-4D06-8933-D749D36EC81B}"
EndProject
Global
	GlobalSection(SolutionConfigurationPlatforms) = preSolution
		Debug|Any CPU = Debug|Any CPU
		Debug|x64 = Debug|x64
		Debug|x86 = Debug|x86
		Release|Any CPU = Release|Any CPU
		Release|x64 = Release|x64
		Release|x86 = Release|x86
	EndGlobalSection
	GlobalSection(ProjectConfigurationPlatforms) = postSolution
		{77FE1294-336B-4A6B-9D50-01946EF781BE}.Debug|Any CPU.ActiveCfg = Debug|Any CPU
		{77FE1294-336B-4A6B-9D50-01946EF781BE}.Debug|Any CPU.Build.0 = Debug|Any CPU
		{77FE1294-336B-4A6B-9D50-01946EF781BE}.Debug|x64.ActiveCfg = Debug|Any CPU
		{77FE1294-336B-4A6B-9D50-01946EF781BE}.Debug|x64.Build.0 = Debug|Any CPU
		{77FE1294-336B-4A6B-9D50-01946EF781BE}.Debug|x86.ActiveCfg = Debug|Any CPU
		{77FE1294-336B-4A6B-9D50-01946EF781BE}.Debug|x86.Build.0 = Debug|Any CPU
		{77FE1294-336B-4A6B-9D50-01946EF781BE}.Release|Any CPU.ActiveCfg = Release|Any CPU
		{77FE1294-336B-4A6B-9D50-01946EF781BE}.Release|Any CPU.Build.0 = Release|Any CPU
		{77FE1294-336B-4A6B-9D50-01946EF781BE}.Release|x64.ActiveCfg = Release|Any CPU
		{77FE1294-336B-4A6B-9D50-01946EF781BE}.Release|x64.Build.0 = Release|Any CPU
		{77FE1294-336B-4A6B-9D50-01946EF781BE}.Release|x86.ActiveCfg = Release|Any CPU
		{77FE1294-336B-4A6B-9D50-01946EF781BE}.Release|x86.Build.0 = Release|Any CPU
		{F55D9F65-9045-42C5-921E-BAF844ADAC64}.Debug|Any CPU.ActiveCfg = Debug|Any CPU
		{F55D9F65-9045-42C5-921E-BAF844ADAC64}.Debug|Any CPU.Build.0 = Debug|Any CPU
		{F55D9F65-9045-42C5-921E-BAF844ADAC64}.Debug|x64.ActiveCfg = Debug|Any CPU
		{F55D9F65-9045-42C5-921E-BAF844ADAC64}.Debug|x64.Build.0 = Debug|Any CPU
		{F55D9F65-9045-42C5-921E-BAF844ADAC64}.Debug|x86.ActiveCfg = Debug|Any CPU
		{F55D9F65-9045-42C5-921E-BAF844ADAC64}.Debug|x86.Build.0 = Debug|Any CPU
		{F55D9F65-9045-42C5-921E-BAF844ADAC64}.Release|Any CPU.ActiveCfg = Release|Any CPU
		{F55D9F65-9045-42C5-921E-BAF844ADAC64}.Release|Any CPU.Build.0 = Release|Any CPU
		{F55D9F65-9045-42C5-921E-BAF844ADAC64}.Release|x64.ActiveCfg = Release|Any CPU
		{F55D9F65-9045-42C5-921E-BAF844ADAC64}.Release|x64.Build.0 = Release|Any CPU
		{F55D9F65-9045-42C5-921E-BAF844ADAC64}.Release|x86.ActiveCfg = Release|Any CPU
		{F55D9F65-9045-42C5-921E-BAF844ADAC64}.Release|x86.Build.0 = Release|Any CPU
		{AA675B71-500C-4885-B251-E97EED56B827}.Debug|Any CPU.ActiveCfg = Debug|Any CPU
		{AA675B71-500C-4885-B251-E97EED56B827}.Debug|Any CPU.Build.0 = Debug|Any CPU
		{AA675B71-500C-4885-B251-E97EED56B827}.Debug|x64.ActiveCfg = Debug|Any CPU
		{AA675B71-500C-4885-B251-E97EED56B827}.Debug|x64.Build.0 = Debug|Any CPU
		{AA675B71-500C-4885-B251-E97EED56B827}.Debug|x86.ActiveCfg = Debug|Any CPU
		{AA675B71-500C-4885-B251-E97EED56B827}.Debug|x86.Build.0 = Debug|Any CPU
		{AA675B71-500C-4885-B251-E97EED56B827}.Release|Any CPU.ActiveCfg = Release|Any CPU
		{AA675B71-500C-4885-B251-E97EED56B827}.Release|Any CPU.Build.0 = Release|Any CPU
		{AA675B71-500C-4885-B251-E97EED56B827}.Release|x64.ActiveCfg = Release|Any CPU
		{AA675B71-500C-4885-B251-E97EED56B827}.Release|x64.Build.0 = Release|Any CPU
		{AA675B71-500C-4885-B251-E97EED56B827}.Release|x86.ActiveCfg = Release|Any CPU
		{AA675B71-500C-4885-B251-E97EED56B827}.Release|x86.Build.0 = Release|Any CPU
		{D2E4185C-4B97-4798-AE53-4E23E2B4BC88}.Debug|Any CPU.ActiveCfg = Debug|Any CPU
		{D2E4185C-4B97-4798-AE53-4E23E2B4BC88}.Debug|Any CPU.Build.0 = Debug|Any CPU
		{D2E4185C-4B97-4798-AE53-4E23E2B4BC88}.Debug|x64.ActiveCfg = Debug|Any CPU
		{D2E4185C-4B97-4798-AE53-4E23E2B4BC88}.Debug|x64.Build.0 = Debug|Any CPU
		{D2E4185C-4B97-4798-AE53-4E23E2B4BC88}.Debug|x86.ActiveCfg = Debug|Any CPU
		{D2E4185C-4B97-4798-AE53-4E23E2B4BC88}.Debug|x86.Build.0 = Debug|Any CPU
		{D2E4185C-4B97-4798-AE53-4E23E2B4BC88}.Release|Any CPU.ActiveCfg = Release|Any CPU
		{D2E4185C-4B97-4798-AE53-4E23E2B4BC88}.Release|Any CPU.Build.0 = Release|Any CPU
		{D2E4185C-4B97-4798-AE53-4E23E2B4BC88}.Release|x64.ActiveCfg = Release|Any CPU
		{D2E4185C-4B97-4798-AE53-4E23E2B4BC88}.Release|x64.Build.0 = Release|Any CPU
		{D2E4185C-4B97-4798-AE53-4E23E2B4BC88}.Release|x86.ActiveCfg = Release|Any CPU
		{D2E4185C-4B97-4798-AE53-4E23E2B4BC88}.Release|x86.Build.0 = Release|Any CPU
		{C2F99AAE-CD6A-4C45-8E0F-EC7347C85E02}.Debug|Any CPU.ActiveCfg = Debug|Any CPU
		{C2F99AAE-CD6A-4C45-8E0F-EC7347C85E02}.Debug|Any CPU.Build.0 = Debug|Any CPU
		{C2F99AAE-CD6A-4C45-8E0F-EC7347C85E02}.Debug|x64.ActiveCfg = Debug|Any CPU
		{C2F99AAE-CD6A-4C45-8E0F-EC7347C85E02}.Debug|x64.Build.0 = Debug|Any CPU
		{C2F99AAE-CD6A-4C45-8E0F-EC7347C85E02}.Debug|x86.ActiveCfg = Debug|Any CPU
		{C2F99AAE-CD6A-4C45-8E0F-EC7347C85E02}.Debug|x86.Build.0 = Debug|Any CPU
		{C2F99AAE-CD6A-4C45-8E0F-EC7347C85E02}.Release|Any CPU.ActiveCfg = Release|Any CPU
		{C2F99AAE-CD6A-4C45-8E0F-EC7347C85E02}.Release|Any CPU.Build.0 = Release|Any CPU
		{C2F99AAE-CD6A-4C45-8E0F-EC7347C85E02}.Release|x64.ActiveCfg = Release|Any CPU
		{C2F99AAE-CD6A-4C45-8E0F-EC7347C85E02}.Release|x64.Build.0 = Release|Any CPU
		{C2F99AAE-CD6A-4C45-8E0F-EC7347C85E02}.Release|x86.ActiveCfg = Release|Any CPU
		{C2F99AAE-CD6A-4C45-8E0F-EC7347C85E02}.Release|x86.Build.0 = Release|Any CPU
		{2E07B349-7E6A-40B4-B5B8-E60F71646C96}.Debug|Any CPU.ActiveCfg = Debug|Any CPU
		{2E07B349-7E6A-40B4-B5B8-E60F71646C96}.Debug|Any CPU.Build.0 = Debug|Any CPU
		{2E07B349-7E6A-40B4-B5B8-E60F71646C96}.Debug|x64.ActiveCfg = Debug|Any CPU
		{2E07B349-7E6A-40B4-B5B8-E60F71646C96}.Debug|x64.Build.0 = Debug|Any CPU
		{2E07B349-7E6A-40B4-B5B8-E60F71646C96}.Debug|x86.ActiveCfg = Debug|Any CPU
		{2E07B349-7E6A-40B4-B5B8-E60F71646C96}.Debug|x86.Build.0 = Debug|Any CPU
		{2E07B349-7E6A-40B4-B5B8-E60F71646C96}.Release|Any CPU.ActiveCfg = Release|Any CPU
		{2E07B349-7E6A-40B4-B5B8-E60F71646C96}.Release|Any CPU.Build.0 = Release|Any CPU
		{2E07B349-7E6A-40B4-B5B8-E60F71646C96}.Release|x64.ActiveCfg = Release|Any CPU
		{2E07B349-7E6A-40B4-B5B8-E60F71646C96}.Release|x64.Build.0 = Release|Any CPU
		{2E07B349-7E6A-40B4-B5B8-E60F71646C96}.Release|x86.ActiveCfg = Release|Any CPU
		{2E07B349-7E6A-40B4-B5B8-E60F71646C96}.Release|x86.Build.0 = Release|Any CPU
		{0F00633A-018B-4D06-8933-D749D36EC81B}.Debug|Any CPU.ActiveCfg = Debug|Any CPU
		{0F00633A-018B-4D06-8933-D749D36EC81B}.Debug|Any CPU.Build.0 = Debug|Any CPU
		{0F00633A-018B-4D06-8933-D749D36EC81B}.Debug|x64.ActiveCfg = Debug|Any CPU
		{0F00633A-018B-4D06-8933-D749D36EC81B}.Debug|x64.Build.0 = Debug|Any CPU
		{0F00633A-018B-4D06-8933-D749D36EC81B}.Debug|x86.ActiveCfg = Debug|Any CPU
		{0F00633A-018B-4D06-8933-D749D36EC81B}.Debug|x86.Build.0 = Debug|Any CPU
		{0F00633A-018B-4D06-8933-D749D36EC81B}.Release|Any CPU.ActiveCfg = Release|Any CPU
		{0F00633A-018B-4D06-8933-D749D36EC81B}.Release|Any CPU.Build.0 = Release|Any CPU
		{0F00633A-018B-4D06-8933-D749D36EC81B}.Release|x64.ActiveCfg = Release|Any CPU
		{0F00633A-018B-4D06-8933-D749D36EC81B}.Release|x64.Build.0 = Release|Any CPU
		{0F00633A-018B-4D06-8933-D749D36EC81B}.Release|x86.ActiveCfg = Release|Any CPU
		{0F00633A-018B-4D06-8933-D749D36EC81B}.Release|x86.Build.0 = Release|Any CPU
	EndGlobalSection
	GlobalSection(SolutionProperties) = preSolution
		HideSolutionNode = FALSE
	EndGlobalSection
	GlobalSection(NestedProjects) = preSolution
		{77FE1294-336B-4A6B-9D50-01946EF781BE} = {827E0CD3-B72D-47B6-A68D-7590B98EB39B}
		{F55D9F65-9045-42C5-921E-BAF844ADAC64} = {827E0CD3-B72D-47B6-A68D-7590B98EB39B}
		{AA675B71-500C-4885-B251-E97EED56B827} = {827E0CD3-B72D-47B6-A68D-7590B98EB39B}
		{D2E4185C-4B97-4798-AE53-4E23E2B4BC88} = {827E0CD3-B72D-47B6-A68D-7590B98EB39B}
		{C2F99AAE-CD6A-4C45-8E0F-EC7347C85E02} = {0AB3BF05-4346-4AA6-1389-037BE0695223}
		{2E07B349-7E6A-40B4-B5B8-E60F71646C96} = {0AB3BF05-4346-4AA6-1389-037BE0695223}
		{0F00633A-018B-4D06-8933-D749D36EC81B} = {827E0CD3-B72D-47B6-A68D-7590B98EB39B}
	EndGlobalSection
EndGlobal
